---
lockfileVersion: 1
lockfileVendor: redhat
arches:
- arch: x86_64
  packages:
  - url: https://cdn-ubi.redhat.com/content/public/ubi/dist/ubi9/9/x86_64/baseos/os/Packages/b/binutils-2.35.2-63.el9.x86_64.rpm
    repoid: ubi-9-baseos-rpms
    size: 4818636
    checksum: sha256:4eb918b63dee7daf32117df2e3fcb02ad4ba3d96cb25677cf55315deceb7e22a
    name: binutils
    evr: 2.35.2-63.el9
    sourcerpm: binutils-2.35.2-63.el9.src.rpm
  - url: https://cdn-ubi.redhat.com/content/public/ubi/dist/ubi9/9/x86_64/baseos/os/Packages/b/binutils-gold-2.35.2-63.el9.x86_64.rpm
    repoid: ubi-9-baseos-rpms
    size: 753176
    checksum: sha256:339d9bb2dc0e41c4756f1a4f82e82f6654818b72de74f1f0377c76277617352b
    name: binutils-gold
    evr: 2.35.2-63.el9
    sourcerpm: binutils-2.35.2-63.el9.src.rpm
  - url: https://cdn-ubi.redhat.com/content/public/ubi/dist/ubi9/9/x86_64/baseos/os/Packages/e/elfutils-debuginfod-client-0.192-6.el9_6.x86_64.rpm
    repoid: ubi-9-baseos-rpms
    size: 47122
    checksum: sha256:0fcab0370abc33e8df4686dad91ff390dd6dd3437b601c3911efd83ec7603168
    name: elfutils-debuginfod-client
    evr: 0.192-6.el9_6
    sourcerpm: elfutils-0.192-6.el9_6.src.rpm
  - url: https://cdn-ubi.redhat.com/content/public/ubi/dist/ubi9/9/x86_64/baseos/os/Packages/e/elfutils-default-yama-scope-0.192-6.el9_6.noarch.rpm
    repoid: ubi-9-baseos-rpms
    size: 9980
    checksum: sha256:847f0cbedaef67673aadcd1bc5b8f6b9b8cb5e0cb6896c6586abe89829469c99
    name: elfutils-default-yama-scope
    evr: 0.192-6.el9_6
    sourcerpm: elfutils-0.192-6.el9_6.src.rpm
  - url: https://cdn-ubi.redhat.com/content/public/ubi/dist/ubi9/9/x86_64/baseos/os/Packages/e/elfutils-libelf-0.192-6.el9_6.x86_64.rpm
    repoid: ubi-9-baseos-rpms
    size: 212613
    checksum: sha256:9c9e2bc6ea19cda24a73f95ef9f439d61fd4480ae1889ac7e0730ee67432fd64
    name: elfutils-libelf
    evr: 0.192-6.el9_6
    sourcerpm: elfutils-0.192-6.el9_6.src.rpm
  - url: https://cdn-ubi.redhat.com/content/public/ubi/dist/ubi9/9/x86_64/baseos/os/Packages/e/elfutils-libs-0.192-6.el9_6.x86_64.rpm
    repoid: ubi-9-baseos-rpms
    size: 269588
    checksum: sha256:8071e26f2c44c4941dec0ed2296ec79485f9276f4abaa9464da2d1e625ddd31e
    name: elfutils-libs
    evr: 0.192-6.el9_6
    sourcerpm: elfutils-0.192-6.el9_6.src.rpm
  source: []
  module_metadata: []
