---
lockfileVersion: 1
lockfileVendor: redhat
arches:
- arch: x86_64
  packages:
  - url: https://cdn-ubi.redhat.com/content/public/ubi/dist/ubi9/9/x86_64/baseos/os/Packages/b/binutils-2.35.2-54.el9.x86_64.rpm
    repoid: ubi-9-baseos-rpms
    size: 4816328
    checksum: sha256:58286130e67839b931412baa9cb1efcb42d02dc3d1b84caed2ba711773c47ec9
    name: binutils
    evr: 2.35.2-54.el9
    sourcerpm: binutils-2.35.2-54.el9.src.rpm
  - url: https://cdn-ubi.redhat.com/content/public/ubi/dist/ubi9/9/x86_64/baseos/os/Packages/b/binutils-gold-2.35.2-54.el9.x86_64.rpm
    repoid: ubi-9-baseos-rpms
    size: 752302
    checksum: sha256:44ace5e347a8aaad0ae8a449c5d87f69314def94b45bbd1a22a6bd827b549d95
    name: binutils-gold
    evr: 2.35.2-54.el9
    sourcerpm: binutils-2.35.2-54.el9.src.rpm
  - url: https://cdn-ubi.redhat.com/content/public/ubi/dist/ubi9/9/x86_64/baseos/os/Packages/e/elfutils-debuginfod-client-0.191-4.el9.x86_64.rpm
    repoid: ubi-9-baseos-rpms
    size: 39913
    checksum: sha256:9c26ab1eea196541d9cde34a96acbf8647746ccd0447ad353dec5ec4225826a5
    name: elfutils-debuginfod-client
    evr: 0.191-4.el9
    sourcerpm: elfutils-0.191-4.el9.src.rpm
  - url: https://cdn-ubi.redhat.com/content/public/ubi/dist/ubi9/9/x86_64/baseos/os/Packages/e/elfutils-default-yama-scope-0.191-4.el9.noarch.rpm
    repoid: ubi-9-baseos-rpms
    size: 12782
    checksum: sha256:e186f5fb020da75279f726a9a09bfefd8c60131157debd9ca0966036fd3b8d70
    name: elfutils-default-yama-scope
    evr: 0.191-4.el9
    sourcerpm: elfutils-0.191-4.el9.src.rpm
  - url: https://cdn-ubi.redhat.com/content/public/ubi/dist/ubi9/9/x86_64/baseos/os/Packages/e/elfutils-libelf-0.191-4.el9.x86_64.rpm
    repoid: ubi-9-baseos-rpms
    size: 215143
    checksum: sha256:9d7a6e028b8db0041ffecb41b5a4c2a3351bc09b098d0285f418f7ee16923e63
    name: elfutils-libelf
    evr: 0.191-4.el9
    sourcerpm: elfutils-0.191-4.el9.src.rpm
  - url: https://cdn-ubi.redhat.com/content/public/ubi/dist/ubi9/9/x86_64/baseos/os/Packages/e/elfutils-libs-0.191-4.el9.x86_64.rpm
    repoid: ubi-9-baseos-rpms
    size: 268507
    checksum: sha256:d58ed4ac90958033cb2e0f3455e7f229e03e85c86ee43636de925ab1369b50aa
    name: elfutils-libs
    evr: 0.191-4.el9
    sourcerpm: elfutils-0.191-4.el9.src.rpm
  source: []
  module_metadata: []
